
Microsoft Visual Studio Solution File, Format Version 12.00
# Visual Studio 15
VisualStudioVersion = 15.0.27004.2009
MinimumVisualStudioVersion = 10.0.40219.1
Project("{2150E333-8FDC-42A3-9474-1A3956D46DE8}") = "Api", "Api", "{38F9F604-80B2-4196-B9CC-ABDB5C4A3020}"
EndProject
Project("{2150E333-8FDC-42A3-9474-1A3956D46DE8}") = "Database", "Database", "{6DD9A1E6-2929-4025-9085-F1A84D7CC322}"
EndProject
Project("{2150E333-8FDC-42A3-9474-1A3956D46DE8}") = "Core", "Core", "{3ECF4C68-BC33-42A2-ACC7-056457BF2114}"
EndProject
Project("{2150E333-8FDC-42A3-9474-1A3956D46DE8}") = "Logic", "Logic", "{8E45067B-58E2-407B-BB25-2F4D4F9A8AA4}"
EndProject
Project("{2150E333-8FDC-42A3-9474-1A3956D46DE8}") = "Data", "Data", "{265DAE53-8F8B-42C7-A842-9C84B4BB2769}"
EndProject
Project("{00D1A9C2-B5F0-4AF3-8072-F6C62B433612}") = "InventoryApp.Database", "InventoryApp.Database\InventoryApp.Database.sqlproj", "{42611B38-2130-4B39-8BFC-289708D114DB}"
EndProject
Project("{FAE04EC0-301F-11D3-BF4B-00C04F79EFBC}") = "InventoryApp.WebApi", "InventoryApp.WebApi\InventoryApp.WebApi.csproj", "{2B3FBDF3-0C49-4941-9C12-3799BABE91C4}"
EndProject
Project("{FAE04EC0-301F-11D3-BF4B-00C04F79EFBC}") = "InventoryApp.Data.Domain", "InventoryApp.Data.Domain\InventoryApp.Data.Domain.csproj", "{001B231B-FA3D-483F-A0B3-895A299B3CFB}"
EndProject
Project("{FAE04EC0-301F-11D3-BF4B-00C04F79EFBC}") = "InventoryApp.Data.Logic", "InventoryApp.Data.Logic\InventoryApp.Data.Logic.csproj", "{039091A3-F369-4DD2-8831-D3D679120592}"
EndProject
Global
	GlobalSection(SolutionConfigurationPlatforms) = preSolution
		Debug|Any CPU = Debug|Any CPU
		Release|Any CPU = Release|Any CPU
	EndGlobalSection
	GlobalSection(ProjectConfigurationPlatforms) = postSolution
		{42611B38-2130-4B39-8BFC-289708D114DB}.Debug|Any CPU.ActiveCfg = Debug|Any CPU
		{42611B38-2130-4B39-8BFC-289708D114DB}.Debug|Any CPU.Build.0 = Debug|Any CPU
		{42611B38-2130-4B39-8BFC-289708D114DB}.Debug|Any CPU.Deploy.0 = Debug|Any CPU
		{42611B38-2130-4B39-8BFC-289708D114DB}.Release|Any CPU.ActiveCfg = Release|Any CPU
		{42611B38-2130-4B39-8BFC-289708D114DB}.Release|Any CPU.Build.0 = Release|Any CPU
		{42611B38-2130-4B39-8BFC-289708D114DB}.Release|Any CPU.Deploy.0 = Release|Any CPU
		{2B3FBDF3-0C49-4941-9C12-3799BABE91C4}.Debug|Any CPU.ActiveCfg = Debug|Any CPU
		{2B3FBDF3-0C49-4941-9C12-3799BABE91C4}.Debug|Any CPU.Build.0 = Debug|Any CPU
		{2B3FBDF3-0C49-4941-9C12-3799BABE91C4}.Release|Any CPU.ActiveCfg = Release|Any CPU
		{2B3FBDF3-0C49-4941-9C12-3799BABE91C4}.Release|Any CPU.Build.0 = Release|Any CPU
		{001B231B-FA3D-483F-A0B3-895A299B3CFB}.Debug|Any CPU.ActiveCfg = Debug|Any CPU
		{001B231B-FA3D-483F-A0B3-895A299B3CFB}.Debug|Any CPU.Build.0 = Debug|Any CPU
		{001B231B-FA3D-483F-A0B3-895A299B3CFB}.Release|Any CPU.ActiveCfg = Release|Any CPU
		{001B231B-FA3D-483F-A0B3-895A299B3CFB}.Release|Any CPU.Build.0 = Release|Any CPU
		{039091A3-F369-4DD2-8831-D3D679120592}.Debug|Any CPU.ActiveCfg = Debug|Any CPU
		{039091A3-F369-4DD2-8831-D3D679120592}.Debug|Any CPU.Build.0 = Debug|Any CPU
		{039091A3-F369-4DD2-8831-D3D679120592}.Release|Any CPU.ActiveCfg = Release|Any CPU
		{039091A3-F369-4DD2-8831-D3D679120592}.Release|Any CPU.Build.0 = Release|Any CPU
	EndGlobalSection
	GlobalSection(SolutionProperties) = preSolution
		HideSolutionNode = FALSE
	EndGlobalSection
	GlobalSection(NestedProjects) = preSolution
		{8E45067B-58E2-407B-BB25-2F4D4F9A8AA4} = {3ECF4C68-BC33-42A2-ACC7-056457BF2114}
		{265DAE53-8F8B-42C7-A842-9C84B4BB2769} = {3ECF4C68-BC33-42A2-ACC7-056457BF2114}
		{42611B38-2130-4B39-8BFC-289708D114DB} = {6DD9A1E6-2929-4025-9085-F1A84D7CC322}
		{2B3FBDF3-0C49-4941-9C12-3799BABE91C4} = {38F9F604-80B2-4196-B9CC-ABDB5C4A3020}
		{001B231B-FA3D-483F-A0B3-895A299B3CFB} = {265DAE53-8F8B-42C7-A842-9C84B4BB2769}
		{039091A3-F369-4DD2-8831-D3D679120592} = {265DAE53-8F8B-42C7-A842-9C84B4BB2769}
	EndGlobalSection
	GlobalSection(ExtensibilityGlobals) = postSolution
		SolutionGuid = {E3B69878-4F55-45BF-8786-D45A0765B9C2}
	EndGlobalSection
EndGlobal
